
Microsoft Visual Studio Solution File, Format Version 12.00
# Visual Studio Version 16
VisualStudioVersion = 16.0.31605.320
MinimumVisualStudioVersion = 10.0.40219.1
Project("{FAE04EC0-301F-11D3-BF4B-00C04F79EFBC}") = "TucConsoleAppXml", "TucConsoleAppXml\TucConsoleAppXml.csproj", "{8C0C8D31-BB89-49AF-8A23-FF0DCC3B6826}"
EndProject
Global
	GlobalSection(SolutionConfigurationPlatforms) = preSolution
		Debug|Any CPU = Debug|Any CPU
		Release|Any CPU = Release|Any CPU
	EndGlobalSection
	GlobalSection(ProjectConfigurationPlatforms) = postSolution
		{8C0C8D31-BB89-49AF-8A23-FF0DCC3B6826}.Debug|Any CPU.ActiveCfg = Debug|Any CPU
		{8C0C8D31-BB89-49AF-8A23-FF0DCC3B6826}.Debug|Any CPU.Build.0 = Debug|Any CPU
		{8C0C8D31-BB89-49AF-8A23-FF0DCC3B6826}.Release|Any CPU.ActiveCfg = Release|Any CPU
		{8C0C8D31-BB89-49AF-8A23-FF0DCC3B6826}.Release|Any CPU.Build.0 = Release|Any CPU
	EndGlobalSection
	GlobalSection(SolutionProperties) = preSolution
		HideSolutionNode = FALSE
	EndGlobalSection
	GlobalSection(ExtensibilityGlobals) = postSolution
		SolutionGuid = {FAA0B477-70AF-4A54-AA04-8D9557682A2A}
	EndGlobalSection
EndGlobal
